
Microsoft Visual Studio Solution File, Format Version 12.00
# Visual Studio Version 16
VisualStudioVersion = 16.0.29230.47
MinimumVisualStudioVersion = 10.0.40219.1
Project("{FAE04EC0-301F-11D3-BF4B-00C04F79EFBC}") = "ExerciciosLogica", "ExerciciosLogica.csproj", "{C085D3B4-8EF8-494D-BB8A-72EF86F84294}"
EndProject
Global
	GlobalSection(SolutionConfigurationPlatforms) = preSolution
		Debug|Any CPU = Debug|Any CPU
		Release|Any CPU = Release|Any CPU
	EndGlobalSection
	GlobalSection(ProjectConfigurationPlatforms) = postSolution
		{C085D3B4-8EF8-494D-BB8A-72EF86F84294}.Debug|Any CPU.ActiveCfg = Debug|Any CPU
		{C085D3B4-8EF8-494D-BB8A-72EF86F84294}.Debug|Any CPU.Build.0 = Debug|Any CPU
		{C085D3B4-8EF8-494D-BB8A-72EF86F84294}.Release|Any CPU.ActiveCfg = Release|Any CPU
		{C085D3B4-8EF8-494D-BB8A-72EF86F84294}.Release|Any CPU.Build.0 = Release|Any CPU
	EndGlobalSection
	GlobalSection(SolutionProperties) = preSolution
		HideSolutionNode = FALSE
	EndGlobalSection
	GlobalSection(ExtensibilityGlobals) = postSolution
		SolutionGuid = {5278C98D-932A-4CC7-97CB-183A176CA3CE}
	EndGlobalSection
EndGlobal
