
Microsoft Visual Studio Solution File, Format Version 12.00
# Visual Studio Version 16
VisualStudioVersion = 16.0.29613.14
MinimumVisualStudioVersion = 10.0.40219.1
Project("{9A19103F-16F7-4668-BE54-9A1E7A4F7556}") = "Desafio01", "Desafio01\Desafio01.csproj", "{4A7112CF-7B3C-4E4F-BE86-F3FD8CA0DE39}"
EndProject
Global
	GlobalSection(SolutionConfigurationPlatforms) = preSolution
		Debug|Any CPU = Debug|Any CPU
		Release|Any CPU = Release|Any CPU
	EndGlobalSection
	GlobalSection(ProjectConfigurationPlatforms) = postSolution
		{4A7112CF-7B3C-4E4F-BE86-F3FD8CA0DE39}.Debug|Any CPU.ActiveCfg = Debug|Any CPU
		{4A7112CF-7B3C-4E4F-BE86-F3FD8CA0DE39}.Debug|Any CPU.Build.0 = Debug|Any CPU
		{4A7112CF-7B3C-4E4F-BE86-F3FD8CA0DE39}.Release|Any CPU.ActiveCfg = Release|Any CPU
		{4A7112CF-7B3C-4E4F-BE86-F3FD8CA0DE39}.Release|Any CPU.Build.0 = Release|Any CPU
	EndGlobalSection
	GlobalSection(SolutionProperties) = preSolution
		HideSolutionNode = FALSE
	EndGlobalSection
	GlobalSection(ExtensibilityGlobals) = postSolution
		SolutionGuid = {6D1D7039-1664-4898-9F5B-981215D9F17B}
	EndGlobalSection
EndGlobal
